
Microsoft Visual Studio Solution File, Format Version 12.00
# Visual Studio Version 17
VisualStudioVersion = 17.13.35931.197
MinimumVisualStudioVersion = 10.0.40219.1
Project("{FAE04EC0-301F-11D3-BF4B-00C04F79EFBC}") = "ExternalWebhookReceiverAPI.Domain", "ExternalWebhookReceiverAPI.Domain\ExternalWebhookReceiverAPI.Domain.csproj", "{8FA8AD39-1994-45F6-BEF8-A27D745A1D25}"
EndProject
Project("{FAE04EC0-301F-11D3-BF4B-00C04F79EFBC}") = "ExternalWebhookReceiverAPI.Application", "ExternalWebhookReceiverAPI.Application\ExternalWebhookReceiverAPI.Application.csproj", "{2AB4B070-75DD-4080-87AD-556FC0E9ADA5}"
	ProjectSection(ProjectDependencies) = postProject
		{8FA8AD39-1994-45F6-BEF8-A27D745A1D25} = {8FA8AD39-1994-45F6-BEF8-A27D745A1D25}
	EndProjectSection
EndProject
Project("{FAE04EC0-301F-11D3-BF4B-00C04F79EFBC}") = "ExternalWebhookReceiverAPI.Infrastructure", "ExternalWebhookReceiverAPI.Infrastructure\ExternalWebhookReceiverAPI.Infrastructure.csproj", "{46329217-6E90-4768-981F-9F4EA3D64C9C}"
	ProjectSection(ProjectDependencies) = postProject
		{8FA8AD39-1994-45F6-BEF8-A27D745A1D25} = {8FA8AD39-1994-45F6-BEF8-A27D745A1D25}
	EndProjectSection
EndProject
Project("{FAE04EC0-301F-11D3-BF4B-00C04F79EFBC}") = "ExternalWebhookReceiverAPI.CrossCutting", "ExternalWebhookReceiverAPI.CrossCutting\ExternalWebhookReceiverAPI.CrossCutting.csproj", "{EFED355B-0C79-4772-BC04-07E81CFEB49E}"
	ProjectSection(ProjectDependencies) = postProject
		{2AB4B070-75DD-4080-87AD-556FC0E9ADA5} = {2AB4B070-75DD-4080-87AD-556FC0E9ADA5}
		{46329217-6E90-4768-981F-9F4EA3D64C9C} = {46329217-6E90-4768-981F-9F4EA3D64C9C}
		{8FA8AD39-1994-45F6-BEF8-A27D745A1D25} = {8FA8AD39-1994-45F6-BEF8-A27D745A1D25}
	EndProjectSection
EndProject
Project("{FAE04EC0-301F-11D3-BF4B-00C04F79EFBC}") = "ExternalWebhookReceiverAPI.API", "ExternalWebhookReceiverAPI.API\ExternalWebhookReceiverAPI.API.csproj", "{B3C33CEC-A0AB-48FB-B42A-0B215A93BFD4}"
	ProjectSection(ProjectDependencies) = postProject
		{EFED355B-0C79-4772-BC04-07E81CFEB49E} = {EFED355B-0C79-4772-BC04-07E81CFEB49E}
	EndProjectSection
EndProject
Global
	GlobalSection(SolutionConfigurationPlatforms) = preSolution
		Debug|Any CPU = Debug|Any CPU
		Release|Any CPU = Release|Any CPU
	EndGlobalSection
	GlobalSection(ProjectConfigurationPlatforms) = postSolution
		{8FA8AD39-1994-45F6-BEF8-A27D745A1D25}.Debug|Any CPU.ActiveCfg = Debug|Any CPU
		{8FA8AD39-1994-45F6-BEF8-A27D745A1D25}.Debug|Any CPU.Build.0 = Debug|Any CPU
		{8FA8AD39-1994-45F6-BEF8-A27D745A1D25}.Release|Any CPU.ActiveCfg = Release|Any CPU
		{8FA8AD39-1994-45F6-BEF8-A27D745A1D25}.Release|Any CPU.Build.0 = Release|Any CPU
		{2AB4B070-75DD-4080-87AD-556FC0E9ADA5}.Debug|Any CPU.ActiveCfg = Debug|Any CPU
		{2AB4B070-75DD-4080-87AD-556FC0E9ADA5}.Debug|Any CPU.Build.0 = Debug|Any CPU
		{2AB4B070-75DD-4080-87AD-556FC0E9ADA5}.Release|Any CPU.ActiveCfg = Release|Any CPU
		{2AB4B070-75DD-4080-87AD-556FC0E9ADA5}.Release|Any CPU.Build.0 = Release|Any CPU
		{46329217-6E90-4768-981F-9F4EA3D64C9C}.Debug|Any CPU.ActiveCfg = Debug|Any CPU
		{46329217-6E90-4768-981F-9F4EA3D64C9C}.Debug|Any CPU.Build.0 = Debug|Any CPU
		{46329217-6E90-4768-981F-9F4EA3D64C9C}.Release|Any CPU.ActiveCfg = Release|Any CPU
		{46329217-6E90-4768-981F-9F4EA3D64C9C}.Release|Any CPU.Build.0 = Release|Any CPU
		{EFED355B-0C79-4772-BC04-07E81CFEB49E}.Debug|Any CPU.ActiveCfg = Debug|Any CPU
		{EFED355B-0C79-4772-BC04-07E81CFEB49E}.Debug|Any CPU.Build.0 = Debug|Any CPU
		{EFED355B-0C79-4772-BC04-07E81CFEB49E}.Release|Any CPU.ActiveCfg = Release|Any CPU
		{EFED355B-0C79-4772-BC04-07E81CFEB49E}.Release|Any CPU.Build.0 = Release|Any CPU
		{B3C33CEC-A0AB-48FB-B42A-0B215A93BFD4}.Debug|Any CPU.ActiveCfg = Debug|Any CPU
		{B3C33CEC-A0AB-48FB-B42A-0B215A93BFD4}.Debug|Any CPU.Build.0 = Debug|Any CPU
		{B3C33CEC-A0AB-48FB-B42A-0B215A93BFD4}.Release|Any CPU.ActiveCfg = Release|Any CPU
		{B3C33CEC-A0AB-48FB-B42A-0B215A93BFD4}.Release|Any CPU.Build.0 = Release|Any CPU
	EndGlobalSection
	GlobalSection(SolutionProperties) = preSolution
		HideSolutionNode = FALSE
	EndGlobalSection
	GlobalSection(ExtensibilityGlobals) = postSolution
		SolutionGuid = {7BC524BF-A611-4AB7-8405-A3B32A396607}
	EndGlobalSection
EndGlobal
